
Microsoft Visual Studio Solution File, Format Version 12.00
# Visual Studio Version 16
VisualStudioVersion = 16.0.30717.126
MinimumVisualStudioVersion = 10.0.40219.1
Project("{2150E333-8FDC-42A3-9474-1A3956D46DE8}") = "Parcial I", "Parcial I", "{88F9D72A-4851-4DCE-80B9-FE90CD0CAE9B}"
EndProject
Project("{2150E333-8FDC-42A3-9474-1A3956D46DE8}") = "Parcial II", "Parcial II", "{7B5F6335-BCEC-4288-A3BD-E6B80CE6941D}"
EndProject
Project("{2150E333-8FDC-42A3-9474-1A3956D46DE8}") = "Parcial III", "Parcial III", "{BF342754-1D79-47D6-B3CC-994D8AFBAE13}"
EndProject
Project("{8BC9CEB8-8B4A-11D0-8D11-00A0C91BC942}") = "Examen_Diagnostico", "Examen_Diagnostico\Examen_Diagnostico.vcxproj", "{6E2602DF-DA18-4BEB-91A9-FEC24BD156D3}"
EndProject
Project("{8BC9CEB8-8B4A-11D0-8D11-00A0C91BC942}") = "AC1 - Prueba", "AC1 - Prueba\AC1 - Prueba.vcxproj", "{8EF9A97B-5255-4708-8D84-D891BAAE8CD0}"
EndProject
Project("{8BC9CEB8-8B4A-11D0-8D11-00A0C91BC942}") = "Tarea 2 - Rectangulo", "Tarea 2 - Rectangulo\Tarea 2 - Rectangulo.vcxproj", "{08F48895-7428-4920-8A3A-E3D5B25E4FDF}"
EndProject
Project("{8BC9CEB8-8B4A-11D0-8D11-00A0C91BC942}") = "Tarea 3 - Formula General", "Tarea 3 - Formula General\Tarea 3 - Formula General.vcxproj", "{5C3621C4-B2B0-4FC6-BFB5-975905319A63}"
EndProject
Project("{8BC9CEB8-8B4A-11D0-8D11-00A0C91BC942}") = "Tarea 4 - Desviacion Estandar", "Tarea 4 - Desviacion Estandar\Tarea 4 - Desviacion Estandar.vcxproj", "{09419359-1D10-4EB2-ABC0-D7140ECDE2DA}"
EndProject
Project("{8BC9CEB8-8B4A-11D0-8D11-00A0C91BC942}") = "Tarea 6 - Cuenta", "Tarea 6 - Cuenta\Tarea 6 - Cuenta.vcxproj", "{051D0A83-899F-4FD3-AB44-F61F60480632}"
EndProject
Project("{8BC9CEB8-8B4A-11D0-8D11-00A0C91BC942}") = "Tarea 7 - Tiempo", "Tarea 7 - Tiempo\Tarea 7 - Tiempo.vcxproj", "{CA77FDE3-BDFE-4B62-9040-54C61B78B262}"
EndProject
Project("{8BC9CEB8-8B4A-11D0-8D11-00A0C91BC942}") = "Tarea 8 - Factura", "Tarea 8 - Factura\Tarea 8 - Factura.vcxproj", "{5E64DD8C-31A0-4E7D-BB39-E599ACFF2EBA}"
EndProject
Project("{8BC9CEB8-8B4A-11D0-8D11-00A0C91BC942}") = "Tarea 9 - Racional", "Tarea 9 - Racional\Tarea 9 - Racional.vcxproj", "{181A743E-B5AB-4654-B35A-36A67B45C784}"
EndProject
Project("{8BC9CEB8-8B4A-11D0-8D11-00A0C91BC942}") = "windowsTest", "windowsTest\windowsTest.vcxproj", "{5DC34E5C-A92E-43C4-8AB1-505D8FB76EB1}"
EndProject
Project("{8BC9CEB8-8B4A-11D0-8D11-00A0C91BC942}") = "E1 - MyArray", "E1 - MyArray\E1 - MyArray.vcxproj", "{BBEB2414-5D04-4FA2-9F6D-615B24B275D8}"
EndProject
Project("{8BC9CEB8-8B4A-11D0-8D11-00A0C91BC942}") = "T1 - Termino polinomio", "T1 - Termino polinomio\T1 - Termino polinomio.vcxproj", "{A61DA1C9-8FD2-400F-A8A7-C0D540DFBA91}"
EndProject
Project("{8BC9CEB8-8B4A-11D0-8D11-00A0C91BC942}") = "T3 - Ejercicio funcion amiga con arreglo de objetos", "T3 - Ejercicio funcion amiga con arreglo de objetos\T3 - Ejercicio funcion amiga con arreglo de objetos.vcxproj", "{32517A68-F4FA-4C7C-86DE-14CA6B545456}"
EndProject
Project("{8BC9CEB8-8B4A-11D0-8D11-00A0C91BC942}") = "T4 - Sobrecarga de operadores", "T4 - Sobrecarga de operadores\T4 - Sobrecarga de operadores.vcxproj", "{9917C9EC-8AA9-4D74-B015-D05ADFE3C367}"
EndProject
Project("{2150E333-8FDC-42A3-9474-1A3956D46DE8}") = "T2 - Funciones Amigas", "T2 - Funciones Amigas", "{81823C9A-2B0F-4D73-9E4C-0A1B434A4FE1}"
EndProject
Project("{8BC9CEB8-8B4A-11D0-8D11-00A0C91BC942}") = "T2 - Personaje", "T2 - Personaje\T2 - Personaje.vcxproj", "{D7CFCA50-4C4A-4904-97AC-5541892D2CA3}"
EndProject
Project("{8BC9CEB8-8B4A-11D0-8D11-00A0C91BC942}") = "T2 - Ejemplo", "T2 - Ejemplo\T2 - Ejemplo.vcxproj", "{3D5C01EF-05B5-475A-938C-779D7D52745E}"
EndProject
Project("{8BC9CEB8-8B4A-11D0-8D11-00A0C91BC942}") = "T2 - Persona", "T2 - Persona\T2 - Persona.vcxproj", "{3C13B3FE-7267-4C77-B548-B67184B8DE9D}"
EndProject
Project("{8BC9CEB8-8B4A-11D0-8D11-00A0C91BC942}") = "T2 - Registro producto", "T2 - Registro producto\T2 - Registro producto.vcxproj", "{EEC27659-6576-47DC-A31C-9234F64C0168}"
EndProject
Project("{8BC9CEB8-8B4A-11D0-8D11-00A0C91BC942}") = "T5 - Composicion de clases", "T5 - Composicion de clases\T5 - Composicion de clases.vcxproj", "{321010F0-8984-47FC-B323-D7ABA56D350A}"
EndProject
Project("{8BC9CEB8-8B4A-11D0-8D11-00A0C91BC942}") = "E2 - K-Nearest Neighbours", "E2 - K-Nearest Neighbours\E2 - K-Nearest Neighbours.vcxproj", "{3DEDB63D-5BD3-47AB-A124-5A97D02DBDEA}"
EndProject
Project("{8BC9CEB8-8B4A-11D0-8D11-00A0C91BC942}") = "Proyecto Final KNN", "Proyecto Final KNN\Proyecto Final KNN.vcxproj", "{C980F929-E399-4E2E-8E5F-7221CA7EF6CA}"
EndProject
Project("{2150E333-8FDC-42A3-9474-1A3956D46DE8}") = "Herencia", "Herencia", "{61315EC1-B9A3-4141-881E-2EAAF765AF21}"
EndProject
Project("{8BC9CEB8-8B4A-11D0-8D11-00A0C91BC942}") = "Ejercicio 1 (Persona, Deportista)", "Ejercicio 1 (Persona, Deportista)\Ejercicio 1 (Persona, Deportista).vcxproj", "{7EE87B1D-A234-480D-B548-5144BC509A76}"
EndProject
Project("{8BC9CEB8-8B4A-11D0-8D11-00A0C91BC942}") = "Ejercicio 2 (Persona, Alumno)", "Ejercicio 2 (Persona, Alumno)\Ejercicio 2 (Persona, Alumno).vcxproj", "{75671011-7E48-4822-A52F-665C53AEAEAF}"
EndProject
Project("{8BC9CEB8-8B4A-11D0-8D11-00A0C91BC942}") = "Ejercicio 3", "Ejercicio 3\Ejercicio 3.vcxproj", "{27AB7CEB-E258-4EB4-9067-07E94C186AFA}"
EndProject
Project("{8BC9CEB8-8B4A-11D0-8D11-00A0C91BC942}") = "Ejercicio 4 (Vehículo, coche, moto)", "Ejercicio 4 (Vehículo, coche, moto)\Ejercicio 4 (Vehículo, coche, moto).vcxproj", "{D241AC14-E960-4B6A-893A-27FDED6DEDEF}"
EndProject
Project("{2150E333-8FDC-42A3-9474-1A3956D46DE8}") = "Poliformismo", "Poliformismo", "{8268A8B8-079D-47F7-A716-FDC77929ACAA}"
EndProject
Project("{8BC9CEB8-8B4A-11D0-8D11-00A0C91BC942}") = "Ejercicio 2 (Animal, Humano)", "Ejercicio 2 (Animal, Humano)\Ejercicio 2 (Animal, Humano).vcxproj", "{323E28D8-FE0C-40E9-B62B-146110C82174}"
EndProject
Project("{8BC9CEB8-8B4A-11D0-8D11-00A0C91BC942}") = "Ejercicio 1 (Persona, Profesor)", "Ejercicio 1 (Persona, Profesor)\Ejercicio 1 (Persona, Profesor).vcxproj", "{2B107E81-B1D8-4672-8517-D404F8345CED}"
EndProject
Project("{8BC9CEB8-8B4A-11D0-8D11-00A0C91BC942}") = "Proyecto final", "Proyecto final\Proyecto final.vcxproj", "{7B5D19B3-565A-4ECE-9843-8FE9EA66F48A}"
EndProject
Project("{8BC9CEB8-8B4A-11D0-8D11-00A0C91BC942}") = "DatabaseFinalProyect", "..\..\..\..\..\..\source\repos\Programacion I\DatabaseFinalProyect\DatabaseFinalProyect.vcxproj", "{93F2D783-A9C5-423E-AF1A-7A53F9154BBB}"
EndProject
Project("{8BC9CEB8-8B4A-11D0-8D11-00A0C91BC942}") = "E3 - Ordenamiento", "E3 - Ordenamiento\E3 - Ordenamiento.vcxproj", "{9482B2D2-69F0-429E-81FF-2F592F3B5288}"
EndProject
Global
	GlobalSection(SolutionConfigurationPlatforms) = preSolution
		Debug|x64 = Debug|x64
		Debug|x86 = Debug|x86
		Release|x64 = Release|x64
		Release|x86 = Release|x86
	EndGlobalSection
	GlobalSection(ProjectConfigurationPlatforms) = postSolution
		{6E2602DF-DA18-4BEB-91A9-FEC24BD156D3}.Debug|x64.ActiveCfg = Debug|x64
		{6E2602DF-DA18-4BEB-91A9-FEC24BD156D3}.Debug|x64.Build.0 = Debug|x64
		{6E2602DF-DA18-4BEB-91A9-FEC24BD156D3}.Debug|x86.ActiveCfg = Debug|Win32
		{6E2602DF-DA18-4BEB-91A9-FEC24BD156D3}.Debug|x86.Build.0 = Debug|Win32
		{6E2602DF-DA18-4BEB-91A9-FEC24BD156D3}.Release|x64.ActiveCfg = Release|x64
		{6E2602DF-DA18-4BEB-91A9-FEC24BD156D3}.Release|x64.Build.0 = Release|x64
		{6E2602DF-DA18-4BEB-91A9-FEC24BD156D3}.Release|x86.ActiveCfg = Release|Win32
		{6E2602DF-DA18-4BEB-91A9-FEC24BD156D3}.Release|x86.Build.0 = Release|Win32
		{8EF9A97B-5255-4708-8D84-D891BAAE8CD0}.Debug|x64.ActiveCfg = Debug|x64
		{8EF9A97B-5255-4708-8D84-D891BAAE8CD0}.Debug|x64.Build.0 = Debug|x64
		{8EF9A97B-5255-4708-8D84-D891BAAE8CD0}.Debug|x86.ActiveCfg = Debug|Win32
		{8EF9A97B-5255-4708-8D84-D891BAAE8CD0}.Debug|x86.Build.0 = Debug|Win32
		{8EF9A97B-5255-4708-8D84-D891BAAE8CD0}.Release|x64.ActiveCfg = Release|x64
		{8EF9A97B-5255-4708-8D84-D891BAAE8CD0}.Release|x64.Build.0 = Release|x64
		{8EF9A97B-5255-4708-8D84-D891BAAE8CD0}.Release|x86.ActiveCfg = Release|Win32
		{8EF9A97B-5255-4708-8D84-D891BAAE8CD0}.Release|x86.Build.0 = Release|Win32
		{08F48895-7428-4920-8A3A-E3D5B25E4FDF}.Debug|x64.ActiveCfg = Debug|x64
		{08F48895-7428-4920-8A3A-E3D5B25E4FDF}.Debug|x64.Build.0 = Debug|x64
		{08F48895-7428-4920-8A3A-E3D5B25E4FDF}.Debug|x86.ActiveCfg = Debug|Win32
		{08F48895-7428-4920-8A3A-E3D5B25E4FDF}.Debug|x86.Build.0 = Debug|Win32
		{08F48895-7428-4920-8A3A-E3D5B25E4FDF}.Release|x64.ActiveCfg = Release|x64
		{08F48895-7428-4920-8A3A-E3D5B25E4FDF}.Release|x64.Build.0 = Release|x64
		{08F48895-7428-4920-8A3A-E3D5B25E4FDF}.Release|x86.ActiveCfg = Release|Win32
		{08F48895-7428-4920-8A3A-E3D5B25E4FDF}.Release|x86.Build.0 = Release|Win32
		{5C3621C4-B2B0-4FC6-BFB5-975905319A63}.Debug|x64.ActiveCfg = Debug|x64
		{5C3621C4-B2B0-4FC6-BFB5-975905319A63}.Debug|x64.Build.0 = Debug|x64
		{5C3621C4-B2B0-4FC6-BFB5-975905319A63}.Debug|x86.ActiveCfg = Debug|Win32
		{5C3621C4-B2B0-4FC6-BFB5-975905319A63}.Debug|x86.Build.0 = Debug|Win32
		{5C3621C4-B2B0-4FC6-BFB5-975905319A63}.Release|x64.ActiveCfg = Release|x64
		{5C3621C4-B2B0-4FC6-BFB5-975905319A63}.Release|x64.Build.0 = Release|x64
		{5C3621C4-B2B0-4FC6-BFB5-975905319A63}.Release|x86.ActiveCfg = Release|Win32
		{5C3621C4-B2B0-4FC6-BFB5-975905319A63}.Release|x86.Build.0 = Release|Win32
		{09419359-1D10-4EB2-ABC0-D7140ECDE2DA}.Debug|x64.ActiveCfg = Debug|x64
		{09419359-1D10-4EB2-ABC0-D7140ECDE2DA}.Debug|x64.Build.0 = Debug|x64
		{09419359-1D10-4EB2-ABC0-D7140ECDE2DA}.Debug|x86.ActiveCfg = Debug|Win32
		{09419359-1D10-4EB2-ABC0-D7140ECDE2DA}.Debug|x86.Build.0 = Debug|Win32
		{09419359-1D10-4EB2-ABC0-D7140ECDE2DA}.Release|x64.ActiveCfg = Release|x64
		{09419359-1D10-4EB2-ABC0-D7140ECDE2DA}.Release|x64.Build.0 = Release|x64
		{09419359-1D10-4EB2-ABC0-D7140ECDE2DA}.Release|x86.ActiveCfg = Release|Win32
		{09419359-1D10-4EB2-ABC0-D7140ECDE2DA}.Release|x86.Build.0 = Release|Win32
		{051D0A83-899F-4FD3-AB44-F61F60480632}.Debug|x64.ActiveCfg = Debug|x64
		{051D0A83-899F-4FD3-AB44-F61F60480632}.Debug|x64.Build.0 = Debug|x64
		{051D0A83-899F-4FD3-AB44-F61F60480632}.Debug|x86.ActiveCfg = Debug|Win32
		{051D0A83-899F-4FD3-AB44-F61F60480632}.Debug|x86.Build.0 = Debug|Win32
		{051D0A83-899F-4FD3-AB44-F61F60480632}.Release|x64.ActiveCfg = Release|x64
		{051D0A83-899F-4FD3-AB44-F61F60480632}.Release|x64.Build.0 = Release|x64
		{051D0A83-899F-4FD3-AB44-F61F60480632}.Release|x86.ActiveCfg = Release|Win32
		{051D0A83-899F-4FD3-AB44-F61F60480632}.Release|x86.Build.0 = Release|Win32
		{CA77FDE3-BDFE-4B62-9040-54C61B78B262}.Debug|x64.ActiveCfg = Debug|x64
		{CA77FDE3-BDFE-4B62-9040-54C61B78B262}.Debug|x64.Build.0 = Debug|x64
		{CA77FDE3-BDFE-4B62-9040-54C61B78B262}.Debug|x86.ActiveCfg = Debug|Win32
		{CA77FDE3-BDFE-4B62-9040-54C61B78B262}.Debug|x86.Build.0 = Debug|Win32
		{CA77FDE3-BDFE-4B62-9040-54C61B78B262}.Release|x64.ActiveCfg = Release|x64
		{CA77FDE3-BDFE-4B62-9040-54C61B78B262}.Release|x64.Build.0 = Release|x64
		{CA77FDE3-BDFE-4B62-9040-54C61B78B262}.Release|x86.ActiveCfg = Release|Win32
		{CA77FDE3-BDFE-4B62-9040-54C61B78B262}.Release|x86.Build.0 = Release|Win32
		{5E64DD8C-31A0-4E7D-BB39-E599ACFF2EBA}.Debug|x64.ActiveCfg = Debug|x64
		{5E64DD8C-31A0-4E7D-BB39-E599ACFF2EBA}.Debug|x64.Build.0 = Debug|x64
		{5E64DD8C-31A0-4E7D-BB39-E599ACFF2EBA}.Debug|x86.ActiveCfg = Debug|Win32
		{5E64DD8C-31A0-4E7D-BB39-E599ACFF2EBA}.Debug|x86.Build.0 = Debug|Win32
		{5E64DD8C-31A0-4E7D-BB39-E599ACFF2EBA}.Release|x64.ActiveCfg = Release|x64
		{5E64DD8C-31A0-4E7D-BB39-E599ACFF2EBA}.Release|x64.Build.0 = Release|x64
		{5E64DD8C-31A0-4E7D-BB39-E599ACFF2EBA}.Release|x86.ActiveCfg = Release|Win32
		{5E64DD8C-31A0-4E7D-BB39-E599ACFF2EBA}.Release|x86.Build.0 = Release|Win32
		{181A743E-B5AB-4654-B35A-36A67B45C784}.Debug|x64.ActiveCfg = Debug|x64
		{181A743E-B5AB-4654-B35A-36A67B45C784}.Debug|x64.Build.0 = Debug|x64
		{181A743E-B5AB-4654-B35A-36A67B45C784}.Debug|x86.ActiveCfg = Debug|Win32
		{181A743E-B5AB-4654-B35A-36A67B45C784}.Debug|x86.Build.0 = Debug|Win32
		{181A743E-B5AB-4654-B35A-36A67B45C784}.Release|x64.ActiveCfg = Release|x64
		{181A743E-B5AB-4654-B35A-36A67B45C784}.Release|x64.Build.0 = Release|x64
		{181A743E-B5AB-4654-B35A-36A67B45C784}.Release|x86.ActiveCfg = Release|Win32
		{181A743E-B5AB-4654-B35A-36A67B45C784}.Release|x86.Build.0 = Release|Win32
		{5DC34E5C-A92E-43C4-8AB1-505D8FB76EB1}.Debug|x64.ActiveCfg = Debug|x64
		{5DC34E5C-A92E-43C4-8AB1-505D8FB76EB1}.Debug|x64.Build.0 = Debug|x64
		{5DC34E5C-A92E-43C4-8AB1-505D8FB76EB1}.Debug|x86.ActiveCfg = Debug|Win32
		{5DC34E5C-A92E-43C4-8AB1-505D8FB76EB1}.Debug|x86.Build.0 = Debug|Win32
		{5DC34E5C-A92E-43C4-8AB1-505D8FB76EB1}.Release|x64.ActiveCfg = Release|x64
		{5DC34E5C-A92E-43C4-8AB1-505D8FB76EB1}.Release|x64.Build.0 = Release|x64
		{5DC34E5C-A92E-43C4-8AB1-505D8FB76EB1}.Release|x86.ActiveCfg = Release|Win32
		{5DC34E5C-A92E-43C4-8AB1-505D8FB76EB1}.Release|x86.Build.0 = Release|Win32
		{BBEB2414-5D04-4FA2-9F6D-615B24B275D8}.Debug|x64.ActiveCfg = Debug|x64
		{BBEB2414-5D04-4FA2-9F6D-615B24B275D8}.Debug|x64.Build.0 = Debug|x64
		{BBEB2414-5D04-4FA2-9F6D-615B24B275D8}.Debug|x86.ActiveCfg = Debug|Win32
		{BBEB2414-5D04-4FA2-9F6D-615B24B275D8}.Debug|x86.Build.0 = Debug|Win32
		{BBEB2414-5D04-4FA2-9F6D-615B24B275D8}.Release|x64.ActiveCfg = Release|x64
		{BBEB2414-5D04-4FA2-9F6D-615B24B275D8}.Release|x64.Build.0 = Release|x64
		{BBEB2414-5D04-4FA2-9F6D-615B24B275D8}.Release|x86.ActiveCfg = Release|Win32
		{BBEB2414-5D04-4FA2-9F6D-615B24B275D8}.Release|x86.Build.0 = Release|Win32
		{A61DA1C9-8FD2-400F-A8A7-C0D540DFBA91}.Debug|x64.ActiveCfg = Debug|x64
		{A61DA1C9-8FD2-400F-A8A7-C0D540DFBA91}.Debug|x64.Build.0 = Debug|x64
		{A61DA1C9-8FD2-400F-A8A7-C0D540DFBA91}.Debug|x86.ActiveCfg = Debug|Win32
		{A61DA1C9-8FD2-400F-A8A7-C0D540DFBA91}.Debug|x86.Build.0 = Debug|Win32
		{A61DA1C9-8FD2-400F-A8A7-C0D540DFBA91}.Release|x64.ActiveCfg = Release|x64
		{A61DA1C9-8FD2-400F-A8A7-C0D540DFBA91}.Release|x64.Build.0 = Release|x64
		{A61DA1C9-8FD2-400F-A8A7-C0D540DFBA91}.Release|x86.ActiveCfg = Release|Win32
		{A61DA1C9-8FD2-400F-A8A7-C0D540DFBA91}.Release|x86.Build.0 = Release|Win32
		{32517A68-F4FA-4C7C-86DE-14CA6B545456}.Debug|x64.ActiveCfg = Debug|x64
		{32517A68-F4FA-4C7C-86DE-14CA6B545456}.Debug|x64.Build.0 = Debug|x64
		{32517A68-F4FA-4C7C-86DE-14CA6B545456}.Debug|x86.ActiveCfg = Debug|Win32
		{32517A68-F4FA-4C7C-86DE-14CA6B545456}.Debug|x86.Build.0 = Debug|Win32
		{32517A68-F4FA-4C7C-86DE-14CA6B545456}.Release|x64.ActiveCfg = Release|x64
		{32517A68-F4FA-4C7C-86DE-14CA6B545456}.Release|x64.Build.0 = Release|x64
		{32517A68-F4FA-4C7C-86DE-14CA6B545456}.Release|x86.ActiveCfg = Release|Win32
		{32517A68-F4FA-4C7C-86DE-14CA6B545456}.Release|x86.Build.0 = Release|Win32
		{9917C9EC-8AA9-4D74-B015-D05ADFE3C367}.Debug|x64.ActiveCfg = Debug|x64
		{9917C9EC-8AA9-4D74-B015-D05ADFE3C367}.Debug|x64.Build.0 = Debug|x64
		{9917C9EC-8AA9-4D74-B015-D05ADFE3C367}.Debug|x86.ActiveCfg = Debug|Win32
		{9917C9EC-8AA9-4D74-B015-D05ADFE3C367}.Debug|x86.Build.0 = Debug|Win32
		{9917C9EC-8AA9-4D74-B015-D05ADFE3C367}.Release|x64.ActiveCfg = Release|x64
		{9917C9EC-8AA9-4D74-B015-D05ADFE3C367}.Release|x64.Build.0 = Release|x64
		{9917C9EC-8AA9-4D74-B015-D05ADFE3C367}.Release|x86.ActiveCfg = Release|Win32
		{9917C9EC-8AA9-4D74-B015-D05ADFE3C367}.Release|x86.Build.0 = Release|Win32
		{D7CFCA50-4C4A-4904-97AC-5541892D2CA3}.Debug|x64.ActiveCfg = Debug|x64
		{D7CFCA50-4C4A-4904-97AC-5541892D2CA3}.Debug|x64.Build.0 = Debug|x64
		{D7CFCA50-4C4A-4904-97AC-5541892D2CA3}.Debug|x86.ActiveCfg = Debug|Win32
		{D7CFCA50-4C4A-4904-97AC-5541892D2CA3}.Debug|x86.Build.0 = Debug|Win32
		{D7CFCA50-4C4A-4904-97AC-5541892D2CA3}.Release|x64.ActiveCfg = Release|x64
		{D7CFCA50-4C4A-4904-97AC-5541892D2CA3}.Release|x64.Build.0 = Release|x64
		{D7CFCA50-4C4A-4904-97AC-5541892D2CA3}.Release|x86.ActiveCfg = Release|Win32
		{D7CFCA50-4C4A-4904-97AC-5541892D2CA3}.Release|x86.Build.0 = Release|Win32
		{3D5C01EF-05B5-475A-938C-779D7D52745E}.Debug|x64.ActiveCfg = Debug|x64
		{3D5C01EF-05B5-475A-938C-779D7D52745E}.Debug|x64.Build.0 = Debug|x64
		{3D5C01EF-05B5-475A-938C-779D7D52745E}.Debug|x86.ActiveCfg = Debug|Win32
		{3D5C01EF-05B5-475A-938C-779D7D52745E}.Debug|x86.Build.0 = Debug|Win32
		{3D5C01EF-05B5-475A-938C-779D7D52745E}.Release|x64.ActiveCfg = Release|x64
		{3D5C01EF-05B5-475A-938C-779D7D52745E}.Release|x64.Build.0 = Release|x64
		{3D5C01EF-05B5-475A-938C-779D7D52745E}.Release|x86.ActiveCfg = Release|Win32
		{3D5C01EF-05B5-475A-938C-779D7D52745E}.Release|x86.Build.0 = Release|Win32
		{3C13B3FE-7267-4C77-B548-B67184B8DE9D}.Debug|x64.ActiveCfg = Debug|x64
		{3C13B3FE-7267-4C77-B548-B67184B8DE9D}.Debug|x64.Build.0 = Debug|x64
		{3C13B3FE-7267-4C77-B548-B67184B8DE9D}.Debug|x86.ActiveCfg = Debug|Win32
		{3C13B3FE-7267-4C77-B548-B67184B8DE9D}.Debug|x86.Build.0 = Debug|Win32
		{3C13B3FE-7267-4C77-B548-B67184B8DE9D}.Release|x64.ActiveCfg = Release|x64
		{3C13B3FE-7267-4C77-B548-B67184B8DE9D}.Release|x64.Build.0 = Release|x64
		{3C13B3FE-7267-4C77-B548-B67184B8DE9D}.Release|x86.ActiveCfg = Release|Win32
		{3C13B3FE-7267-4C77-B548-B67184B8DE9D}.Release|x86.Build.0 = Release|Win32
		{EEC27659-6576-47DC-A31C-9234F64C0168}.Debug|x64.ActiveCfg = Debug|x64
		{EEC27659-6576-47DC-A31C-9234F64C0168}.Debug|x64.Build.0 = Debug|x64
		{EEC27659-6576-47DC-A31C-9234F64C0168}.Debug|x86.ActiveCfg = Debug|Win32
		{EEC27659-6576-47DC-A31C-9234F64C0168}.Debug|x86.Build.0 = Debug|Win32
		{EEC27659-6576-47DC-A31C-9234F64C0168}.Release|x64.ActiveCfg = Release|x64
		{EEC27659-6576-47DC-A31C-9234F64C0168}.Release|x64.Build.0 = Release|x64
		{EEC27659-6576-47DC-A31C-9234F64C0168}.Release|x86.ActiveCfg = Release|Win32
		{EEC27659-6576-47DC-A31C-9234F64C0168}.Release|x86.Build.0 = Release|Win32
		{321010F0-8984-47FC-B323-D7ABA56D350A}.Debug|x64.ActiveCfg = Debug|x64
		{321010F0-8984-47FC-B323-D7ABA56D350A}.Debug|x64.Build.0 = Debug|x64
		{321010F0-8984-47FC-B323-D7ABA56D350A}.Debug|x86.ActiveCfg = Debug|Win32
		{321010F0-8984-47FC-B323-D7ABA56D350A}.Debug|x86.Build.0 = Debug|Win32
		{321010F0-8984-47FC-B323-D7ABA56D350A}.Release|x64.ActiveCfg = Release|x64
		{321010F0-8984-47FC-B323-D7ABA56D350A}.Release|x64.Build.0 = Release|x64
		{321010F0-8984-47FC-B323-D7ABA56D350A}.Release|x86.ActiveCfg = Release|Win32
		{321010F0-8984-47FC-B323-D7ABA56D350A}.Release|x86.Build.0 = Release|Win32
		{3DEDB63D-5BD3-47AB-A124-5A97D02DBDEA}.Debug|x64.ActiveCfg = Debug|x64
		{3DEDB63D-5BD3-47AB-A124-5A97D02DBDEA}.Debug|x64.Build.0 = Debug|x64
		{3DEDB63D-5BD3-47AB-A124-5A97D02DBDEA}.Debug|x86.ActiveCfg = Debug|Win32
		{3DEDB63D-5BD3-47AB-A124-5A97D02DBDEA}.Debug|x86.Build.0 = Debug|Win32
		{3DEDB63D-5BD3-47AB-A124-5A97D02DBDEA}.Release|x64.ActiveCfg = Release|x64
		{3DEDB63D-5BD3-47AB-A124-5A97D02DBDEA}.Release|x64.Build.0 = Release|x64
		{3DEDB63D-5BD3-47AB-A124-5A97D02DBDEA}.Release|x86.ActiveCfg = Release|Win32
		{3DEDB63D-5BD3-47AB-A124-5A97D02DBDEA}.Release|x86.Build.0 = Release|Win32
		{C980F929-E399-4E2E-8E5F-7221CA7EF6CA}.Debug|x64.ActiveCfg = Debug|x64
		{C980F929-E399-4E2E-8E5F-7221CA7EF6CA}.Debug|x64.Build.0 = Debug|x64
		{C980F929-E399-4E2E-8E5F-7221CA7EF6CA}.Debug|x86.ActiveCfg = Debug|Win32
		{C980F929-E399-4E2E-8E5F-7221CA7EF6CA}.Debug|x86.Build.0 = Debug|Win32
		{C980F929-E399-4E2E-8E5F-7221CA7EF6CA}.Release|x64.ActiveCfg = Release|x64
		{C980F929-E399-4E2E-8E5F-7221CA7EF6CA}.Release|x64.Build.0 = Release|x64
		{C980F929-E399-4E2E-8E5F-7221CA7EF6CA}.Release|x86.ActiveCfg = Release|Win32
		{C980F929-E399-4E2E-8E5F-7221CA7EF6CA}.Release|x86.Build.0 = Release|Win32
		{7EE87B1D-A234-480D-B548-5144BC509A76}.Debug|x64.ActiveCfg = Debug|x64
		{7EE87B1D-A234-480D-B548-5144BC509A76}.Debug|x64.Build.0 = Debug|x64
		{7EE87B1D-A234-480D-B548-5144BC509A76}.Debug|x86.ActiveCfg = Debug|Win32
		{7EE87B1D-A234-480D-B548-5144BC509A76}.Debug|x86.Build.0 = Debug|Win32
		{7EE87B1D-A234-480D-B548-5144BC509A76}.Release|x64.ActiveCfg = Release|x64
		{7EE87B1D-A234-480D-B548-5144BC509A76}.Release|x64.Build.0 = Release|x64
		{7EE87B1D-A234-480D-B548-5144BC509A76}.Release|x86.ActiveCfg = Release|Win32
		{7EE87B1D-A234-480D-B548-5144BC509A76}.Release|x86.Build.0 = Release|Win32
		{75671011-7E48-4822-A52F-665C53AEAEAF}.Debug|x64.ActiveCfg = Debug|x64
		{75671011-7E48-4822-A52F-665C53AEAEAF}.Debug|x64.Build.0 = Debug|x64
		{75671011-7E48-4822-A52F-665C53AEAEAF}.Debug|x86.ActiveCfg = Debug|Win32
		{75671011-7E48-4822-A52F-665C53AEAEAF}.Debug|x86.Build.0 = Debug|Win32
		{75671011-7E48-4822-A52F-665C53AEAEAF}.Release|x64.ActiveCfg = Release|x64
		{75671011-7E48-4822-A52F-665C53AEAEAF}.Release|x64.Build.0 = Release|x64
		{75671011-7E48-4822-A52F-665C53AEAEAF}.Release|x86.ActiveCfg = Release|Win32
		{75671011-7E48-4822-A52F-665C53AEAEAF}.Release|x86.Build.0 = Release|Win32
		{27AB7CEB-E258-4EB4-9067-07E94C186AFA}.Debug|x64.ActiveCfg = Debug|x64
		{27AB7CEB-E258-4EB4-9067-07E94C186AFA}.Debug|x64.Build.0 = Debug|x64
		{27AB7CEB-E258-4EB4-9067-07E94C186AFA}.Debug|x86.ActiveCfg = Debug|Win32
		{27AB7CEB-E258-4EB4-9067-07E94C186AFA}.Debug|x86.Build.0 = Debug|Win32
		{27AB7CEB-E258-4EB4-9067-07E94C186AFA}.Release|x64.ActiveCfg = Release|x64
		{27AB7CEB-E258-4EB4-9067-07E94C186AFA}.Release|x64.Build.0 = Release|x64
		{27AB7CEB-E258-4EB4-9067-07E94C186AFA}.Release|x86.ActiveCfg = Release|Win32
		{27AB7CEB-E258-4EB4-9067-07E94C186AFA}.Release|x86.Build.0 = Release|Win32
		{D241AC14-E960-4B6A-893A-27FDED6DEDEF}.Debug|x64.ActiveCfg = Debug|x64
		{D241AC14-E960-4B6A-893A-27FDED6DEDEF}.Debug|x64.Build.0 = Debug|x64
		{D241AC14-E960-4B6A-893A-27FDED6DEDEF}.Debug|x86.ActiveCfg = Debug|Win32
		{D241AC14-E960-4B6A-893A-27FDED6DEDEF}.Debug|x86.Build.0 = Debug|Win32
		{D241AC14-E960-4B6A-893A-27FDED6DEDEF}.Release|x64.ActiveCfg = Release|x64
		{D241AC14-E960-4B6A-893A-27FDED6DEDEF}.Release|x64.Build.0 = Release|x64
		{D241AC14-E960-4B6A-893A-27FDED6DEDEF}.Release|x86.ActiveCfg = Release|Win32
		{D241AC14-E960-4B6A-893A-27FDED6DEDEF}.Release|x86.Build.0 = Release|Win32
		{323E28D8-FE0C-40E9-B62B-146110C82174}.Debug|x64.ActiveCfg = Debug|x64
		{323E28D8-FE0C-40E9-B62B-146110C82174}.Debug|x64.Build.0 = Debug|x64
		{323E28D8-FE0C-40E9-B62B-146110C82174}.Debug|x86.ActiveCfg = Debug|Win32
		{323E28D8-FE0C-40E9-B62B-146110C82174}.Debug|x86.Build.0 = Debug|Win32
		{323E28D8-FE0C-40E9-B62B-146110C82174}.Release|x64.ActiveCfg = Release|x64
		{323E28D8-FE0C-40E9-B62B-146110C82174}.Release|x64.Build.0 = Release|x64
		{323E28D8-FE0C-40E9-B62B-146110C82174}.Release|x86.ActiveCfg = Release|Win32
		{323E28D8-FE0C-40E9-B62B-146110C82174}.Release|x86.Build.0 = Release|Win32
		{2B107E81-B1D8-4672-8517-D404F8345CED}.Debug|x64.ActiveCfg = Debug|x64
		{2B107E81-B1D8-4672-8517-D404F8345CED}.Debug|x64.Build.0 = Debug|x64
		{2B107E81-B1D8-4672-8517-D404F8345CED}.Debug|x86.ActiveCfg = Debug|Win32
		{2B107E81-B1D8-4672-8517-D404F8345CED}.Debug|x86.Build.0 = Debug|Win32
		{2B107E81-B1D8-4672-8517-D404F8345CED}.Release|x64.ActiveCfg = Release|x64
		{2B107E81-B1D8-4672-8517-D404F8345CED}.Release|x64.Build.0 = Release|x64
		{2B107E81-B1D8-4672-8517-D404F8345CED}.Release|x86.ActiveCfg = Release|Win32
		{2B107E81-B1D8-4672-8517-D404F8345CED}.Release|x86.Build.0 = Release|Win32
		{7B5D19B3-565A-4ECE-9843-8FE9EA66F48A}.Debug|x64.ActiveCfg = Debug|x64
		{7B5D19B3-565A-4ECE-9843-8FE9EA66F48A}.Debug|x64.Build.0 = Debug|x64
		{7B5D19B3-565A-4ECE-9843-8FE9EA66F48A}.Debug|x86.ActiveCfg = Debug|Win32
		{7B5D19B3-565A-4ECE-9843-8FE9EA66F48A}.Debug|x86.Build.0 = Debug|Win32
		{7B5D19B3-565A-4ECE-9843-8FE9EA66F48A}.Release|x64.ActiveCfg = Release|x64
		{7B5D19B3-565A-4ECE-9843-8FE9EA66F48A}.Release|x64.Build.0 = Release|x64
		{7B5D19B3-565A-4ECE-9843-8FE9EA66F48A}.Release|x86.ActiveCfg = Release|Win32
		{7B5D19B3-565A-4ECE-9843-8FE9EA66F48A}.Release|x86.Build.0 = Release|Win32
		{93F2D783-A9C5-423E-AF1A-7A53F9154BBB}.Debug|x64.ActiveCfg = Debug|x64
		{93F2D783-A9C5-423E-AF1A-7A53F9154BBB}.Debug|x64.Build.0 = Debug|x64
		{93F2D783-A9C5-423E-AF1A-7A53F9154BBB}.Debug|x86.ActiveCfg = Debug|Win32
		{93F2D783-A9C5-423E-AF1A-7A53F9154BBB}.Debug|x86.Build.0 = Debug|Win32
		{93F2D783-A9C5-423E-AF1A-7A53F9154BBB}.Release|x64.ActiveCfg = Release|x64
		{93F2D783-A9C5-423E-AF1A-7A53F9154BBB}.Release|x64.Build.0 = Release|x64
		{93F2D783-A9C5-423E-AF1A-7A53F9154BBB}.Release|x86.ActiveCfg = Release|Win32
		{93F2D783-A9C5-423E-AF1A-7A53F9154BBB}.Release|x86.Build.0 = Release|Win32
		{9482B2D2-69F0-429E-81FF-2F592F3B5288}.Debug|x64.ActiveCfg = Debug|x64
		{9482B2D2-69F0-429E-81FF-2F592F3B5288}.Debug|x64.Build.0 = Debug|x64
		{9482B2D2-69F0-429E-81FF-2F592F3B5288}.Debug|x86.ActiveCfg = Debug|Win32
		{9482B2D2-69F0-429E-81FF-2F592F3B5288}.Debug|x86.Build.0 = Debug|Win32
		{9482B2D2-69F0-429E-81FF-2F592F3B5288}.Release|x64.ActiveCfg = Release|x64
		{9482B2D2-69F0-429E-81FF-2F592F3B5288}.Release|x64.Build.0 = Release|x64
		{9482B2D2-69F0-429E-81FF-2F592F3B5288}.Release|x86.ActiveCfg = Release|Win32
		{9482B2D2-69F0-429E-81FF-2F592F3B5288}.Release|x86.Build.0 = Release|Win32
	EndGlobalSection
	GlobalSection(SolutionProperties) = preSolution
		HideSolutionNode = FALSE
	EndGlobalSection
	GlobalSection(NestedProjects) = preSolution
		{6E2602DF-DA18-4BEB-91A9-FEC24BD156D3} = {88F9D72A-4851-4DCE-80B9-FE90CD0CAE9B}
		{8EF9A97B-5255-4708-8D84-D891BAAE8CD0} = {88F9D72A-4851-4DCE-80B9-FE90CD0CAE9B}
		{08F48895-7428-4920-8A3A-E3D5B25E4FDF} = {88F9D72A-4851-4DCE-80B9-FE90CD0CAE9B}
		{5C3621C4-B2B0-4FC6-BFB5-975905319A63} = {88F9D72A-4851-4DCE-80B9-FE90CD0CAE9B}
		{09419359-1D10-4EB2-ABC0-D7140ECDE2DA} = {88F9D72A-4851-4DCE-80B9-FE90CD0CAE9B}
		{051D0A83-899F-4FD3-AB44-F61F60480632} = {88F9D72A-4851-4DCE-80B9-FE90CD0CAE9B}
		{CA77FDE3-BDFE-4B62-9040-54C61B78B262} = {88F9D72A-4851-4DCE-80B9-FE90CD0CAE9B}
		{5E64DD8C-31A0-4E7D-BB39-E599ACFF2EBA} = {88F9D72A-4851-4DCE-80B9-FE90CD0CAE9B}
		{181A743E-B5AB-4654-B35A-36A67B45C784} = {88F9D72A-4851-4DCE-80B9-FE90CD0CAE9B}
		{5DC34E5C-A92E-43C4-8AB1-505D8FB76EB1} = {88F9D72A-4851-4DCE-80B9-FE90CD0CAE9B}
		{BBEB2414-5D04-4FA2-9F6D-615B24B275D8} = {88F9D72A-4851-4DCE-80B9-FE90CD0CAE9B}
		{A61DA1C9-8FD2-400F-A8A7-C0D540DFBA91} = {7B5F6335-BCEC-4288-A3BD-E6B80CE6941D}
		{32517A68-F4FA-4C7C-86DE-14CA6B545456} = {7B5F6335-BCEC-4288-A3BD-E6B80CE6941D}
		{9917C9EC-8AA9-4D74-B015-D05ADFE3C367} = {7B5F6335-BCEC-4288-A3BD-E6B80CE6941D}
		{81823C9A-2B0F-4D73-9E4C-0A1B434A4FE1} = {7B5F6335-BCEC-4288-A3BD-E6B80CE6941D}
		{D7CFCA50-4C4A-4904-97AC-5541892D2CA3} = {81823C9A-2B0F-4D73-9E4C-0A1B434A4FE1}
		{3D5C01EF-05B5-475A-938C-779D7D52745E} = {81823C9A-2B0F-4D73-9E4C-0A1B434A4FE1}
		{3C13B3FE-7267-4C77-B548-B67184B8DE9D} = {81823C9A-2B0F-4D73-9E4C-0A1B434A4FE1}
		{EEC27659-6576-47DC-A31C-9234F64C0168} = {81823C9A-2B0F-4D73-9E4C-0A1B434A4FE1}
		{321010F0-8984-47FC-B323-D7ABA56D350A} = {7B5F6335-BCEC-4288-A3BD-E6B80CE6941D}
		{3DEDB63D-5BD3-47AB-A124-5A97D02DBDEA} = {7B5F6335-BCEC-4288-A3BD-E6B80CE6941D}
		{C980F929-E399-4E2E-8E5F-7221CA7EF6CA} = {BF342754-1D79-47D6-B3CC-994D8AFBAE13}
		{61315EC1-B9A3-4141-881E-2EAAF765AF21} = {BF342754-1D79-47D6-B3CC-994D8AFBAE13}
		{7EE87B1D-A234-480D-B548-5144BC509A76} = {61315EC1-B9A3-4141-881E-2EAAF765AF21}
		{75671011-7E48-4822-A52F-665C53AEAEAF} = {61315EC1-B9A3-4141-881E-2EAAF765AF21}
		{27AB7CEB-E258-4EB4-9067-07E94C186AFA} = {61315EC1-B9A3-4141-881E-2EAAF765AF21}
		{D241AC14-E960-4B6A-893A-27FDED6DEDEF} = {61315EC1-B9A3-4141-881E-2EAAF765AF21}
		{8268A8B8-079D-47F7-A716-FDC77929ACAA} = {BF342754-1D79-47D6-B3CC-994D8AFBAE13}
		{323E28D8-FE0C-40E9-B62B-146110C82174} = {8268A8B8-079D-47F7-A716-FDC77929ACAA}
		{2B107E81-B1D8-4672-8517-D404F8345CED} = {8268A8B8-079D-47F7-A716-FDC77929ACAA}
		{7B5D19B3-565A-4ECE-9843-8FE9EA66F48A} = {BF342754-1D79-47D6-B3CC-994D8AFBAE13}
		{93F2D783-A9C5-423E-AF1A-7A53F9154BBB} = {BF342754-1D79-47D6-B3CC-994D8AFBAE13}
		{9482B2D2-69F0-429E-81FF-2F592F3B5288} = {BF342754-1D79-47D6-B3CC-994D8AFBAE13}
	EndGlobalSection
	GlobalSection(ExtensibilityGlobals) = postSolution
		SolutionGuid = {E495FCDA-9988-45A1-A393-641643C0C2AF}
	EndGlobalSection
EndGlobal
